
Microsoft Visual Studio Solution File, Format Version 12.00
# Visual Studio Version 17
VisualStudioVersion = 17.13.35931.197 d17.13
MinimumVisualStudioVersion = 10.0.40219.1
Project("{FAE04EC0-301F-11D3-BF4B-00C04F79EFBC}") = "Minimarket", "Minimarket.csproj", "{C1517871-4732-1FB5-F6D7-E1F4ABAFE6FE}"
EndProject
Global
	GlobalSection(SolutionConfigurationPlatforms) = preSolution
		Debug|Any CPU = Debug|Any CPU
		Release|Any CPU = Release|Any CPU
	EndGlobalSection
	GlobalSection(ProjectConfigurationPlatforms) = postSolution
		{C1517871-4732-1FB5-F6D7-E1F4ABAFE6FE}.Debug|Any CPU.ActiveCfg = Debug|Any CPU
		{C1517871-4732-1FB5-F6D7-E1F4ABAFE6FE}.Debug|Any CPU.Build.0 = Debug|Any CPU
		{C1517871-4732-1FB5-F6D7-E1F4ABAFE6FE}.Release|Any CPU.ActiveCfg = Release|Any CPU
		{C1517871-4732-1FB5-F6D7-E1F4ABAFE6FE}.Release|Any CPU.Build.0 = Release|Any CPU
	EndGlobalSection
	GlobalSection(SolutionProperties) = preSolution
		HideSolutionNode = FALSE
	EndGlobalSection
	GlobalSection(ExtensibilityGlobals) = postSolution
		SolutionGuid = {DA427DDA-0179-4E8B-9F9B-AFC23B327EAF}
	EndGlobalSection
EndGlobal
